
Microsoft Visual Studio Solution File, Format Version 12.00
# Visual Studio Version 16
VisualStudioVersion = 16.0.31424.327
MinimumVisualStudioVersion = 10.0.40219.1
Project("{FAE04EC0-301F-11D3-BF4B-00C04F79EFBC}") = "TMS", "TMS\TMS.csproj", "{9B52CAFE-1CA5-4B5F-821D-F577F8779559}"
EndProject
Global
	GlobalSection(SolutionConfigurationPlatforms) = preSolution
		Debug|Any CPU = Debug|Any CPU
		Release|Any CPU = Release|Any CPU
	EndGlobalSection
	GlobalSection(ProjectConfigurationPlatforms) = postSolution
		{9B52CAFE-1CA5-4B5F-821D-F577F8779559}.Debug|Any CPU.ActiveCfg = Debug|Any CPU
		{9B52CAFE-1CA5-4B5F-821D-F577F8779559}.Debug|Any CPU.Build.0 = Debug|Any CPU
		{9B52CAFE-1CA5-4B5F-821D-F577F8779559}.Release|Any CPU.ActiveCfg = Release|Any CPU
		{9B52CAFE-1CA5-4B5F-821D-F577F8779559}.Release|Any CPU.Build.0 = Release|Any CPU
	EndGlobalSection
	GlobalSection(SolutionProperties) = preSolution
		HideSolutionNode = FALSE
	EndGlobalSection
	GlobalSection(ExtensibilityGlobals) = postSolution
		SolutionGuid = {6A8627D2-7660-46A0-9645-D38FE79209C0}
	EndGlobalSection
EndGlobal
